// !$*UTF8*$!
{
	archiveVersion = 1;
	classes = {
	};
	objectVersion = 46;
	objects = {

/* Begin PBXBuildFile section */
		100DF489155DA06600195D22 /* Background.jpg in Resources */ = {isa = PBXBuildFile; fileRef = 100DF488155DA06600195D22 /* Background.jpg */; };
		10622DDC155896E000FDE8FD /* UIKit.framework in Frameworks */ = {isa = PBXBuildFile; fileRef = 10622DDB155896E000FDE8FD /* UIKit.framework */; };
		10622DDE155896E000FDE8FD /* Foundation.framework in Frameworks */ = {isa = PBXBuildFile; fileRef = 10622DDD155896E000FDE8FD /* Foundation.framework */; };
		10622DE0155896E000FDE8FD /* CoreGraphics.framework in Frameworks */ = {isa = PBXBuildFile; fileRef = 10622DDF155896E000FDE8FD /* CoreGraphics.framework */; };
		10622DE6155896E000FDE8FD /* InfoPlist.strings in Resources */ = {isa = PBXBuildFile; fileRef = 10622DE4155896E000FDE8FD /* InfoPlist.strings */; };
		10622DE8155896E000FDE8FD /* main.m in Sources */ = {isa = PBXBuildFile; fileRef = 10622DE7155896E000FDE8FD /* main.m */; settings = {COMPILER_FLAGS = ""; }; };
		10622DEC155896E000FDE8FD /* STAppDelegate.m in Sources */ = {isa = PBXBuildFile; fileRef = 10622DEB155896E000FDE8FD /* STAppDelegate.m */; settings = {COMPILER_FLAGS = ""; }; };
		10622DEF155896E000FDE8FD /* MainStoryboard.storyboard in Resources */ = {isa = PBXBuildFile; fileRef = 10622DED155896E000FDE8FD /* MainStoryboard.storyboard */; };
		10622DFA155896E100FDE8FD /* SenTestingKit.framework in Frameworks */ = {isa = PBXBuildFile; fileRef = 10622DF9155896E100FDE8FD /* SenTestingKit.framework */; };
		10622DFB155896E100FDE8FD /* UIKit.framework in Frameworks */ = {isa = PBXBuildFile; fileRef = 10622DDB155896E000FDE8FD /* UIKit.framework */; };
		10622DFC155896E100FDE8FD /* Foundation.framework in Frameworks */ = {isa = PBXBuildFile; fileRef = 10622DDD155896E000FDE8FD /* Foundation.framework */; };
		10622E04155896E100FDE8FD /* InfoPlist.strings in Resources */ = {isa = PBXBuildFile; fileRef = 10622E02155896E100FDE8FD /* InfoPlist.strings */; };
		10622E07155896E100FDE8FD /* StoreysTests.m in Sources */ = {isa = PBXBuildFile; fileRef = 10622E06155896E100FDE8FD /* StoreysTests.m */; };
		10622E121558997600FDE8FD /* STStoriesViewController.m in Sources */ = {isa = PBXBuildFile; fileRef = 10622E111558997600FDE8FD /* STStoriesViewController.m */; settings = {COMPILER_FLAGS = ""; }; };
		10622E15155899DB00FDE8FD /* STStory.m in Sources */ = {isa = PBXBuildFile; fileRef = 10622E14155899DB00FDE8FD /* STStory.m */; settings = {COMPILER_FLAGS = ""; }; };
		10622E181558A61300FDE8FD /* STSingleStoryViewController.m in Sources */ = {isa = PBXBuildFile; fileRef = 10622E171558A61300FDE8FD /* STSingleStoryViewController.m */; settings = {COMPILER_FLAGS = ""; }; };
		10622E321558AF5500FDE8FD /* NSObject+SBJson.m in Sources */ = {isa = PBXBuildFile; fileRef = 10622E1A1558AF5300FDE8FD /* NSObject+SBJson.m */; settings = {COMPILER_FLAGS = ""; }; };
		10622E331558AF5500FDE8FD /* SBJsonParser.m in Sources */ = {isa = PBXBuildFile; fileRef = 10622E1D1558AF5400FDE8FD /* SBJsonParser.m */; settings = {COMPILER_FLAGS = ""; }; };
		10622E341558AF5500FDE8FD /* SBJsonStreamParser.m in Sources */ = {isa = PBXBuildFile; fileRef = 10622E1F1558AF5400FDE8FD /* SBJsonStreamParser.m */; settings = {COMPILER_FLAGS = ""; }; };
		10622E351558AF5500FDE8FD /* SBJsonStreamParserAccumulator.m in Sources */ = {isa = PBXBuildFile; fileRef = 10622E211558AF5400FDE8FD /* SBJsonStreamParserAccumulator.m */; settings = {COMPILER_FLAGS = ""; }; };
		10622E361558AF5500FDE8FD /* SBJsonStreamParserAdapter.m in Sources */ = {isa = PBXBuildFile; fileRef = 10622E231558AF5400FDE8FD /* SBJsonStreamParserAdapter.m */; settings = {COMPILER_FLAGS = ""; }; };
		10622E371558AF5500FDE8FD /* SBJsonStreamParserState.m in Sources */ = {isa = PBXBuildFile; fileRef = 10622E251558AF5400FDE8FD /* SBJsonStreamParserState.m */; settings = {COMPILER_FLAGS = ""; }; };
		10622E381558AF5500FDE8FD /* SBJsonStreamWriter.m in Sources */ = {isa = PBXBuildFile; fileRef = 10622E271558AF5400FDE8FD /* SBJsonStreamWriter.m */; settings = {COMPILER_FLAGS = ""; }; };
		10622E391558AF5500FDE8FD /* SBJsonStreamWriterAccumulator.m in Sources */ = {isa = PBXBuildFile; fileRef = 10622E291558AF5400FDE8FD /* SBJsonStreamWriterAccumulator.m */; settings = {COMPILER_FLAGS = ""; }; };
		10622E3A1558AF5500FDE8FD /* SBJsonStreamWriterState.m in Sources */ = {isa = PBXBuildFile; fileRef = 10622E2B1558AF5500FDE8FD /* SBJsonStreamWriterState.m */; settings = {COMPILER_FLAGS = ""; }; };
		10622E3B1558AF5500FDE8FD /* SBJsonTokeniser.m in Sources */ = {isa = PBXBuildFile; fileRef = 10622E2D1558AF5500FDE8FD /* SBJsonTokeniser.m */; settings = {COMPILER_FLAGS = ""; }; };
		10622E3C1558AF5500FDE8FD /* SBJsonUTF8Stream.m in Sources */ = {isa = PBXBuildFile; fileRef = 10622E2F1558AF5500FDE8FD /* SBJsonUTF8Stream.m */; settings = {COMPILER_FLAGS = ""; }; };
		10622E3D1558AF5500FDE8FD /* SBJsonWriter.m in Sources */ = {isa = PBXBuildFile; fileRef = 10622E311558AF5500FDE8FD /* SBJsonWriter.m */; settings = {COMPILER_FLAGS = ""; }; };
		10622E431558B1B000FDE8FD /* arrow.png in Resources */ = {isa = PBXBuildFile; fileRef = 10622E3F1558B1B000FDE8FD /* arrow.png */; };
		10622E441558B1B000FDE8FD /* arrow@2x.png in Resources */ = {isa = PBXBuildFile; fileRef = 10622E401558B1B000FDE8FD /* arrow@2x.png */; };
		10622E451558B1B000FDE8FD /* PullToRefreshView.m in Sources */ = {isa = PBXBuildFile; fileRef = 10622E421558B1B000FDE8FD /* PullToRefreshView.m */; };
		10622E481558B26500FDE8FD /* QuartzCore.framework in Frameworks */ = {isa = PBXBuildFile; fileRef = 10622E471558B26400FDE8FD /* QuartzCore.framework */; };
		1091CB7915596EEC005BF9CE /* STLatestViewController.m in Sources */ = {isa = PBXBuildFile; fileRef = 1091CB7815596EEC005BF9CE /* STLatestViewController.m */; settings = {COMPILER_FLAGS = ""; }; };
		1091CB7F1559717D005BF9CE /* 64-zap.png in Resources */ = {isa = PBXBuildFile; fileRef = 1091CB7B1559717C005BF9CE /* 64-zap.png */; };
		1091CB801559717D005BF9CE /* 64-zap@2x.png in Resources */ = {isa = PBXBuildFile; fileRef = 1091CB7C1559717C005BF9CE /* 64-zap@2x.png */; };
		1091CB811559717D005BF9CE /* 96-book.png in Resources */ = {isa = PBXBuildFile; fileRef = 1091CB7D1559717D005BF9CE /* 96-book.png */; };
		1091CB821559717D005BF9CE /* 96-book@2x.png in Resources */ = {isa = PBXBuildFile; fileRef = 1091CB7E1559717D005BF9CE /* 96-book@2x.png */; };
		1091CB8A1559B5FB005BF9CE /* Icon.png in Resources */ = {isa = PBXBuildFile; fileRef = 1091CB891559B5FB005BF9CE /* Icon.png */; };
		1091CB8C1559B609005BF9CE /* Icon@2x.png in Resources */ = {isa = PBXBuildFile; fileRef = 1091CB8B1559B609005BF9CE /* Icon@2x.png */; };
		1091CB921559B82E005BF9CE /* Default.png in Resources */ = {isa = PBXBuildFile; fileRef = 1091CB911559B82E005BF9CE /* Default.png */; };
		1091CB941559B835005BF9CE /* Default@2x.png in Resources */ = {isa = PBXBuildFile; fileRef = 1091CB931559B835005BF9CE /* Default@2x.png */; };
		109F287E1559F08700F23F4E /* AFHTTPClient.m in Sources */ = {isa = PBXBuildFile; fileRef = 109F286A1559F08700F23F4E /* AFHTTPClient.m */; settings = {COMPILER_FLAGS = "-fno-objc-arc"; }; };
		109F287F1559F08700F23F4E /* AFHTTPRequestOperation.m in Sources */ = {isa = PBXBuildFile; fileRef = 109F286C1559F08700F23F4E /* AFHTTPRequestOperation.m */; settings = {COMPILER_FLAGS = "-fno-objc-arc"; }; };
		109F28801559F08700F23F4E /* AFImageRequestOperation.m in Sources */ = {isa = PBXBuildFile; fileRef = 109F286E1559F08700F23F4E /* AFImageRequestOperation.m */; settings = {COMPILER_FLAGS = "-fno-objc-arc"; }; };
		109F28811559F08700F23F4E /* AFJSONRequestOperation.m in Sources */ = {isa = PBXBuildFile; fileRef = 109F28701559F08700F23F4E /* AFJSONRequestOperation.m */; settings = {COMPILER_FLAGS = "-fno-objc-arc"; }; };
		109F28821559F08700F23F4E /* AFJSONUtilities.m in Sources */ = {isa = PBXBuildFile; fileRef = 109F28721559F08700F23F4E /* AFJSONUtilities.m */; settings = {COMPILER_FLAGS = "-fno-objc-arc"; }; };
		109F28831559F08700F23F4E /* AFNetworkActivityIndicatorManager.m in Sources */ = {isa = PBXBuildFile; fileRef = 109F28741559F08700F23F4E /* AFNetworkActivityIndicatorManager.m */; settings = {COMPILER_FLAGS = "-fno-objc-arc"; }; };
		109F28841559F08700F23F4E /* AFPropertyListRequestOperation.m in Sources */ = {isa = PBXBuildFile; fileRef = 109F28771559F08700F23F4E /* AFPropertyListRequestOperation.m */; settings = {COMPILER_FLAGS = "-fno-objc-arc"; }; };
		109F28851559F08700F23F4E /* AFURLConnectionOperation.m in Sources */ = {isa = PBXBuildFile; fileRef = 109F28791559F08700F23F4E /* AFURLConnectionOperation.m */; settings = {COMPILER_FLAGS = "-fno-objc-arc"; }; };
		109F28861559F08700F23F4E /* AFXMLRequestOperation.m in Sources */ = {isa = PBXBuildFile; fileRef = 109F287B1559F08700F23F4E /* AFXMLRequestOperation.m */; settings = {COMPILER_FLAGS = "-fno-objc-arc"; }; };
		109F28871559F08700F23F4E /* UIImageView+AFNetworking.m in Sources */ = {isa = PBXBuildFile; fileRef = 109F287D1559F08700F23F4E /* UIImageView+AFNetworking.m */; settings = {COMPILER_FLAGS = "-fno-objc-arc"; }; };
		109F288B1559F14C00F23F4E /* AFStoreysClient.m in Sources */ = {isa = PBXBuildFile; fileRef = 109F288A1559F14C00F23F4E /* AFStoreysClient.m */; settings = {COMPILER_FLAGS = "-fno-objc-arc"; }; };
		10EFE1761559DF87000FCEA1 /* STNewStoryViewController.m in Sources */ = {isa = PBXBuildFile; fileRef = 10EFE1751559DF87000FCEA1 /* STNewStoryViewController.m */; settings = {COMPILER_FLAGS = ""; }; };
		10F5B010155C8D11004A735A /* NavBar.png in Resources */ = {isa = PBXBuildFile; fileRef = 10F5B00E155C8D11004A735A /* NavBar.png */; };
		10F5B011155C8D11004A735A /* NavBar@2x.png in Resources */ = {isa = PBXBuildFile; fileRef = 10F5B00F155C8D11004A735A /* NavBar@2x.png */; };
/* End PBXBuildFile section */

/* Begin PBXContainerItemProxy section */
		10622DFD155896E100FDE8FD /* PBXContainerItemProxy */ = {
			isa = PBXContainerItemProxy;
			containerPortal = 10622DCE155896DF00FDE8FD /* Project object */;
			proxyType = 1;
			remoteGlobalIDString = 10622DD6155896E000FDE8FD;
			remoteInfo = Storeys;
		};
/* End PBXContainerItemProxy section */

/* Begin PBXFileReference section */
		100DF488155DA06600195D22 /* Background.jpg */ = {isa = PBXFileReference; lastKnownFileType = image.jpeg; name = Background.jpg; path = Storeys/Textures/Background.jpg; sourceTree = "<group>"; };
		10622DD7155896E000FDE8FD /* Storeys.app */ = {isa = PBXFileReference; explicitFileType = wrapper.application; includeInIndex = 0; path = Storeys.app; sourceTree = BUILT_PRODUCTS_DIR; };
		10622DDB155896E000FDE8FD /* UIKit.framework */ = {isa = PBXFileReference; lastKnownFileType = wrapper.framework; name = UIKit.framework; path = System/Library/Frameworks/UIKit.framework; sourceTree = SDKROOT; };
		10622DDD155896E000FDE8FD /* Foundation.framework */ = {isa = PBXFileReference; lastKnownFileType = wrapper.framework; name = Foundation.framework; path = System/Library/Frameworks/Foundation.framework; sourceTree = SDKROOT; };
		10622DDF155896E000FDE8FD /* CoreGraphics.framework */ = {isa = PBXFileReference; lastKnownFileType = wrapper.framework; name = CoreGraphics.framework; path = System/Library/Frameworks/CoreGraphics.framework; sourceTree = SDKROOT; };
		10622DE3155896E000FDE8FD /* Storeys-Info.plist */ = {isa = PBXFileReference; lastKnownFileType = text.plist.xml; path = "Storeys-Info.plist"; sourceTree = "<group>"; };
		10622DE5155896E000FDE8FD /* en */ = {isa = PBXFileReference; lastKnownFileType = text.plist.strings; name = en; path = en.lproj/InfoPlist.strings; sourceTree = "<group>"; };
		10622DE7155896E000FDE8FD /* main.m */ = {isa = PBXFileReference; lastKnownFileType = sourcecode.c.objc; path = main.m; sourceTree = "<group>"; };
		10622DE9155896E000FDE8FD /* Storeys-Prefix.pch */ = {isa = PBXFileReference; lastKnownFileType = sourcecode.c.h; path = "Storeys-Prefix.pch"; sourceTree = "<group>"; };
		10622DEA155896E000FDE8FD /* STAppDelegate.h */ = {isa = PBXFileReference; lastKnownFileType = sourcecode.c.h; path = STAppDelegate.h; sourceTree = "<group>"; };
		10622DEB155896E000FDE8FD /* STAppDelegate.m */ = {isa = PBXFileReference; lastKnownFileType = sourcecode.c.objc; path = STAppDelegate.m; sourceTree = "<group>"; };
		10622DEE155896E000FDE8FD /* en */ = {isa = PBXFileReference; lastKnownFileType = file.storyboard; name = en; path = en.lproj/MainStoryboard.storyboard; sourceTree = "<group>"; };
		10622DF8155896E100FDE8FD /* StoreysTests.octest */ = {isa = PBXFileReference; explicitFileType = wrapper.cfbundle; includeInIndex = 0; path = StoreysTests.octest; sourceTree = BUILT_PRODUCTS_DIR; };
		10622DF9155896E100FDE8FD /* SenTestingKit.framework */ = {isa = PBXFileReference; lastKnownFileType = wrapper.framework; name = SenTestingKit.framework; path = Library/Frameworks/SenTestingKit.framework; sourceTree = DEVELOPER_DIR; };
		10622E01155896E100FDE8FD /* StoreysTests-Info.plist */ = {isa = PBXFileReference; lastKnownFileType = text.plist.xml; path = "StoreysTests-Info.plist"; sourceTree = "<group>"; };
		10622E03155896E100FDE8FD /* en */ = {isa = PBXFileReference; lastKnownFileType = text.plist.strings; name = en; path = en.lproj/InfoPlist.strings; sourceTree = "<group>"; };
		10622E05155896E100FDE8FD /* StoreysTests.h */ = {isa = PBXFileReference; lastKnownFileType = sourcecode.c.h; path = StoreysTests.h; sourceTree = "<group>"; };
		10622E06155896E100FDE8FD /* StoreysTests.m */ = {isa = PBXFileReference; lastKnownFileType = sourcecode.c.objc; path = StoreysTests.m; sourceTree = "<group>"; };
		10622E101558997600FDE8FD /* STStoriesViewController.h */ = {isa = PBXFileReference; fileEncoding = 4; lastKnownFileType = sourcecode.c.h; path = STStoriesViewController.h; sourceTree = "<group>"; };
		10622E111558997600FDE8FD /* STStoriesViewController.m */ = {isa = PBXFileReference; fileEncoding = 4; lastKnownFileType = sourcecode.c.objc; path = STStoriesViewController.m; sourceTree = "<group>"; };
		10622E13155899DB00FDE8FD /* STStory.h */ = {isa = PBXFileReference; fileEncoding = 4; lastKnownFileType = sourcecode.c.h; path = STStory.h; sourceTree = "<group>"; };
		10622E14155899DB00FDE8FD /* STStory.m */ = {isa = PBXFileReference; fileEncoding = 4; lastKnownFileType = sourcecode.c.objc; path = STStory.m; sourceTree = "<group>"; };
		10622E161558A61300FDE8FD /* STSingleStoryViewController.h */ = {isa = PBXFileReference; fileEncoding = 4; lastKnownFileType = sourcecode.c.h; path = STSingleStoryViewController.h; sourceTree = "<group>"; };
		10622E171558A61300FDE8FD /* STSingleStoryViewController.m */ = {isa = PBXFileReference; fileEncoding = 4; lastKnownFileType = sourcecode.c.objc; path = STSingleStoryViewController.m; sourceTree = "<group>"; };
		10622E191558AF5300FDE8FD /* NSObject+SBJson.h */ = {isa = PBXFileReference; fileEncoding = 4; lastKnownFileType = sourcecode.c.h; name = "NSObject+SBJson.h"; path = "SBJson/NSObject+SBJson.h"; sourceTree = "<group>"; };
		10622E1A1558AF5300FDE8FD /* NSObject+SBJson.m */ = {isa = PBXFileReference; fileEncoding = 4; lastKnownFileType = sourcecode.c.objc; name = "NSObject+SBJson.m"; path = "SBJson/NSObject+SBJson.m"; sourceTree = "<group>"; };
		10622E1B1558AF5300FDE8FD /* SBJson.h */ = {isa = PBXFileReference; fileEncoding = 4; name = SBJson.h; path = SBJson/SBJson.h; sourceTree = "<group>"; };
		10622E1C1558AF5300FDE8FD /* SBJsonParser.h */ = {isa = PBXFileReference; fileEncoding = 4; name = SBJsonParser.h; path = SBJson/SBJsonParser.h; sourceTree = "<group>"; };
		10622E1D1558AF5400FDE8FD /* SBJsonParser.m */ = {isa = PBXFileReference; fileEncoding = 4; lastKnownFileType = sourcecode.c.objc; name = SBJsonParser.m; path = SBJson/SBJsonParser.m; sourceTree = "<group>"; };
		10622E1E1558AF5400FDE8FD /* SBJsonStreamParser.h */ = {isa = PBXFileReference; fileEncoding = 4; name = SBJsonStreamParser.h; path = SBJson/SBJsonStreamParser.h; sourceTree = "<group>"; };
		10622E1F1558AF5400FDE8FD /* SBJsonStreamParser.m */ = {isa = PBXFileReference; fileEncoding = 4; lastKnownFileType = sourcecode.c.objc; name = SBJsonStreamParser.m; path = SBJson/SBJsonStreamParser.m; sourceTree = "<group>"; };
		10622E201558AF5400FDE8FD /* SBJsonStreamParserAccumulator.h */ = {isa = PBXFileReference; fileEncoding = 4; name = SBJsonStreamParserAccumulator.h; path = SBJson/SBJsonStreamParserAccumulator.h; sourceTree = "<group>"; };
		10622E211558AF5400FDE8FD /* SBJsonStreamParserAccumulator.m */ = {isa = PBXFileReference; fileEncoding = 4; lastKnownFileType = sourcecode.c.objc; name = SBJsonStreamParserAccumulator.m; path = SBJson/SBJsonStreamParserAccumulator.m; sourceTree = "<group>"; };
		10622E221558AF5400FDE8FD /* SBJsonStreamParserAdapter.h */ = {isa = PBXFileReference; fileEncoding = 4; lastKnownFileType = sourcecode.c.h; name = SBJsonStreamParserAdapter.h; path = SBJson/SBJsonStreamParserAdapter.h; sourceTree = "<group>"; };
		10622E231558AF5400FDE8FD /* SBJsonStreamParserAdapter.m */ = {isa = PBXFileReference; fileEncoding = 4; lastKnownFileType = sourcecode.c.objc; name = SBJsonStreamParserAdapter.m; path = SBJson/SBJsonStreamParserAdapter.m; sourceTree = "<group>"; };
		10622E241558AF5400FDE8FD /* SBJsonStreamParserState.h */ = {isa = PBXFileReference; fileEncoding = 4; name = SBJsonStreamParserState.h; path = SBJson/SBJsonStreamParserState.h; sourceTree = "<group>"; };
		10622E251558AF5400FDE8FD /* SBJsonStreamParserState.m */ = {isa = PBXFileReference; fileEncoding = 4; lastKnownFileType = sourcecode.c.objc; name = SBJsonStreamParserState.m; path = SBJson/SBJsonStreamParserState.m; sourceTree = "<group>"; };
		10622E261558AF5400FDE8FD /* SBJsonStreamWriter.h */ = {isa = PBXFileReference; fileEncoding = 4; name = SBJsonStreamWriter.h; path = SBJson/SBJsonStreamWriter.h; sourceTree = "<group>"; };
		10622E271558AF5400FDE8FD /* SBJsonStreamWriter.m */ = {isa = PBXFileReference; fileEncoding = 4; lastKnownFileType = sourcecode.c.objc; name = SBJsonStreamWriter.m; path = SBJson/SBJsonStreamWriter.m; sourceTree = "<group>"; };
		10622E281558AF5400FDE8FD /* SBJsonStreamWriterAccumulator.h */ = {isa = PBXFileReference; fileEncoding = 4; name = SBJsonStreamWriterAccumulator.h; path = SBJson/SBJsonStreamWriterAccumulator.h; sourceTree = "<group>"; };
		10622E291558AF5400FDE8FD /* SBJsonStreamWriterAccumulator.m */ = {isa = PBXFileReference; fileEncoding = 4; lastKnownFileType = sourcecode.c.objc; name = SBJsonStreamWriterAccumulator.m; path = SBJson/SBJsonStreamWriterAccumulator.m; sourceTree = "<group>"; };
		10622E2A1558AF5500FDE8FD /* SBJsonStreamWriterState.h */ = {isa = PBXFileReference; fileEncoding = 4; name = SBJsonStreamWriterState.h; path = SBJson/SBJsonStreamWriterState.h; sourceTree = "<group>"; };
		10622E2B1558AF5500FDE8FD /* SBJsonStreamWriterState.m */ = {isa = PBXFileReference; fileEncoding = 4; lastKnownFileType = sourcecode.c.objc; name = SBJsonStreamWriterState.m; path = SBJson/SBJsonStreamWriterState.m; sourceTree = "<group>"; };
		10622E2C1558AF5500FDE8FD /* SBJsonTokeniser.h */ = {isa = PBXFileReference; fileEncoding = 4; name = SBJsonTokeniser.h; path = SBJson/SBJsonTokeniser.h; sourceTree = "<group>"; };
		10622E2D1558AF5500FDE8FD /* SBJsonTokeniser.m */ = {isa = PBXFileReference; fileEncoding = 4; lastKnownFileType = sourcecode.c.objc; name = SBJsonTokeniser.m; path = SBJson/SBJsonTokeniser.m; sourceTree = "<group>"; };
		10622E2E1558AF5500FDE8FD /* SBJsonUTF8Stream.h */ = {isa = PBXFileReference; fileEncoding = 4; name = SBJsonUTF8Stream.h; path = SBJson/SBJsonUTF8Stream.h; sourceTree = "<group>"; };
		10622E2F1558AF5500FDE8FD /* SBJsonUTF8Stream.m */ = {isa = PBXFileReference; fileEncoding = 4; lastKnownFileType = sourcecode.c.objc; name = SBJsonUTF8Stream.m; path = SBJson/SBJsonUTF8Stream.m; sourceTree = "<group>"; };
		10622E301558AF5500FDE8FD /* SBJsonWriter.h */ = {isa = PBXFileReference; fileEncoding = 4; name = SBJsonWriter.h; path = SBJson/SBJsonWriter.h; sourceTree = "<group>"; };
		10622E311558AF5500FDE8FD /* SBJsonWriter.m */ = {isa = PBXFileReference; fileEncoding = 4; lastKnownFileType = sourcecode.c.objc; name = SBJsonWriter.m; path = SBJson/SBJsonWriter.m; sourceTree = "<group>"; };
		10622E3F1558B1B000FDE8FD /* arrow.png */ = {isa = PBXFileReference; lastKnownFileType = image.png; name = arrow.png; path = PullToRefreshView/arrow.png; sourceTree = "<group>"; };
		10622E401558B1B000FDE8FD /* arrow@2x.png */ = {isa = PBXFileReference; lastKnownFileType = image.png; name = "arrow@2x.png"; path = "PullToRefreshView/arrow@2x.png"; sourceTree = "<group>"; };
		10622E411558B1B000FDE8FD /* PullToRefreshView.h */ = {isa = PBXFileReference; fileEncoding = 4; lastKnownFileType = sourcecode.c.h; name = PullToRefreshView.h; path = PullToRefreshView/PullToRefreshView.h; sourceTree = "<group>"; };
		10622E421558B1B000FDE8FD /* PullToRefreshView.m */ = {isa = PBXFileReference; fileEncoding = 4; lastKnownFileType = sourcecode.c.objc; name = PullToRefreshView.m; path = PullToRefreshView/PullToRefreshView.m; sourceTree = "<group>"; };
		10622E471558B26400FDE8FD /* QuartzCore.framework */ = {isa = PBXFileReference; lastKnownFileType = wrapper.framework; name = QuartzCore.framework; path = System/Library/Frameworks/QuartzCore.framework; sourceTree = SDKROOT; };
		1091CB7715596EEB005BF9CE /* STLatestViewController.h */ = {isa = PBXFileReference; fileEncoding = 4; lastKnownFileType = sourcecode.c.h; path = STLatestViewController.h; sourceTree = "<group>"; };
		1091CB7815596EEC005BF9CE /* STLatestViewController.m */ = {isa = PBXFileReference; fileEncoding = 4; lastKnownFileType = sourcecode.c.objc; path = STLatestViewController.m; sourceTree = "<group>"; };
		1091CB7B1559717C005BF9CE /* 64-zap.png */ = {isa = PBXFileReference; lastKnownFileType = image.png; name = "64-zap.png"; path = "Icons/64-zap.png"; sourceTree = "<group>"; };
		1091CB7C1559717C005BF9CE /* 64-zap@2x.png */ = {isa = PBXFileReference; lastKnownFileType = image.png; name = "64-zap@2x.png"; path = "Icons/64-zap@2x.png"; sourceTree = "<group>"; };
		1091CB7D1559717D005BF9CE /* 96-book.png */ = {isa = PBXFileReference; lastKnownFileType = image.png; name = "96-book.png"; path = "Icons/96-book.png"; sourceTree = "<group>"; };
		1091CB7E1559717D005BF9CE /* 96-book@2x.png */ = {isa = PBXFileReference; lastKnownFileType = image.png; name = "96-book@2x.png"; path = "Icons/96-book@2x.png"; sourceTree = "<group>"; };
		1091CB84155983B3005BF9CE /* Constants.h */ = {isa = PBXFileReference; lastKnownFileType = sourcecode.c.h; path = Constants.h; sourceTree = "<group>"; };
		1091CB891559B5FB005BF9CE /* Icon.png */ = {isa = PBXFileReference; lastKnownFileType = image.png; name = Icon.png; path = Icons/Icon.png; sourceTree = "<group>"; };
		1091CB8B1559B609005BF9CE /* Icon@2x.png */ = {isa = PBXFileReference; lastKnownFileType = image.png; name = "Icon@2x.png"; path = "Icons/Icon@2x.png"; sourceTree = "<group>"; };
		1091CB911559B82E005BF9CE /* Default.png */ = {isa = PBXFileReference; lastKnownFileType = image.png; name = Default.png; path = Icons/Default.png; sourceTree = "<group>"; };
		1091CB931559B835005BF9CE /* Default@2x.png */ = {isa = PBXFileReference; lastKnownFileType = image.png; name = "Default@2x.png"; path = "Icons/Default@2x.png"; sourceTree = "<group>"; };
		109F28691559F08700F23F4E /* AFHTTPClient.h */ = {isa = PBXFileReference; fileEncoding = 4; lastKnownFileType = sourcecode.c.h; path = AFHTTPClient.h; sourceTree = "<group>"; };
		109F286A1559F08700F23F4E /* AFHTTPClient.m */ = {isa = PBXFileReference; fileEncoding = 4; lastKnownFileType = sourcecode.c.objc; path = AFHTTPClient.m; sourceTree = "<group>"; };
		109F286B1559F08700F23F4E /* AFHTTPRequestOperation.h */ = {isa = PBXFileReference; fileEncoding = 4; lastKnownFileType = sourcecode.c.h; path = AFHTTPRequestOperation.h; sourceTree = "<group>"; };
		109F286C1559F08700F23F4E /* AFHTTPRequestOperation.m */ = {isa = PBXFileReference; fileEncoding = 4; lastKnownFileType = sourcecode.c.objc; path = AFHTTPRequestOperation.m; sourceTree = "<group>"; };
		109F286D1559F08700F23F4E /* AFImageRequestOperation.h */ = {isa = PBXFileReference; fileEncoding = 4; lastKnownFileType = sourcecode.c.h; path = AFImageRequestOperation.h; sourceTree = "<group>"; };
		109F286E1559F08700F23F4E /* AFImageRequestOperation.m */ = {isa = PBXFileReference; fileEncoding = 4; lastKnownFileType = sourcecode.c.objc; path = AFImageRequestOperation.m; sourceTree = "<group>"; };
		109F286F1559F08700F23F4E /* AFJSONRequestOperation.h */ = {isa = PBXFileReference; fileEncoding = 4; lastKnownFileType = sourcecode.c.h; path = AFJSONRequestOperation.h; sourceTree = "<group>"; };
		109F28701559F08700F23F4E /* AFJSONRequestOperation.m */ = {isa = PBXFileReference; fileEncoding = 4; lastKnownFileType = sourcecode.c.objc; path = AFJSONRequestOperation.m; sourceTree = "<group>"; };
		109F28711559F08700F23F4E /* AFJSONUtilities.h */ = {isa = PBXFileReference; fileEncoding = 4; lastKnownFileType = sourcecode.c.h; path = AFJSONUtilities.h; sourceTree = "<group>"; };
		109F28721559F08700F23F4E /* AFJSONUtilities.m */ = {isa = PBXFileReference; fileEncoding = 4; lastKnownFileType = sourcecode.c.objc; path = AFJSONUtilities.m; sourceTree = "<group>"; };
		109F28731559F08700F23F4E /* AFNetworkActivityIndicatorManager.h */ = {isa = PBXFileReference; fileEncoding = 4; lastKnownFileType = sourcecode.c.h; path = AFNetworkActivityIndicatorManager.h; sourceTree = "<group>"; };
		109F28741559F08700F23F4E /* AFNetworkActivityIndicatorManager.m */ = {isa = PBXFileReference; fileEncoding = 4; lastKnownFileType = sourcecode.c.objc; path = AFNetworkActivityIndicatorManager.m; sourceTree = "<group>"; };
		109F28751559F08700F23F4E /* AFNetworking.h */ = {isa = PBXFileReference; fileEncoding = 4; lastKnownFileType = sourcecode.c.h; path = AFNetworking.h; sourceTree = "<group>"; };
		109F28761559F08700F23F4E /* AFPropertyListRequestOperation.h */ = {isa = PBXFileReference; fileEncoding = 4; lastKnownFileType = sourcecode.c.h; path = AFPropertyListRequestOperation.h; sourceTree = "<group>"; };
		109F28771559F08700F23F4E /* AFPropertyListRequestOperation.m */ = {isa = PBXFileReference; fileEncoding = 4; lastKnownFileType = sourcecode.c.objc; path = AFPropertyListRequestOperation.m; sourceTree = "<group>"; };
		109F28781559F08700F23F4E /* AFURLConnectionOperation.h */ = {isa = PBXFileReference; fileEncoding = 4; lastKnownFileType = sourcecode.c.h; path = AFURLConnectionOperation.h; sourceTree = "<group>"; };
		109F28791559F08700F23F4E /* AFURLConnectionOperation.m */ = {isa = PBXFileReference; fileEncoding = 4; lastKnownFileType = sourcecode.c.objc; path = AFURLConnectionOperation.m; sourceTree = "<group>"; };
		109F287A1559F08700F23F4E /* AFXMLRequestOperation.h */ = {isa = PBXFileReference; fileEncoding = 4; lastKnownFileType = sourcecode.c.h; path = AFXMLRequestOperation.h; sourceTree = "<group>"; };
		109F287B1559F08700F23F4E /* AFXMLRequestOperation.m */ = {isa = PBXFileReference; fileEncoding = 4; lastKnownFileType = sourcecode.c.objc; path = AFXMLRequestOperation.m; sourceTree = "<group>"; };
		109F287C1559F08700F23F4E /* UIImageView+AFNetworking.h */ = {isa = PBXFileReference; fileEncoding = 4; lastKnownFileType = sourcecode.c.h; path = "UIImageView+AFNetworking.h"; sourceTree = "<group>"; };
		109F287D1559F08700F23F4E /* UIImageView+AFNetworking.m */ = {isa = PBXFileReference; fileEncoding = 4; lastKnownFileType = sourcecode.c.objc; path = "UIImageView+AFNetworking.m"; sourceTree = "<group>"; };
		109F28891559F14C00F23F4E /* AFStoreysClient.h */ = {isa = PBXFileReference; fileEncoding = 4; lastKnownFileType = sourcecode.c.h; path = AFStoreysClient.h; sourceTree = "<group>"; };
		109F288A1559F14C00F23F4E /* AFStoreysClient.m */ = {isa = PBXFileReference; fileEncoding = 4; lastKnownFileType = sourcecode.c.objc; path = AFStoreysClient.m; sourceTree = "<group>"; };
		10EFE1741559DF87000FCEA1 /* STNewStoryViewController.h */ = {isa = PBXFileReference; fileEncoding = 4; lastKnownFileType = sourcecode.c.h; path = STNewStoryViewController.h; sourceTree = "<group>"; };
		10EFE1751559DF87000FCEA1 /* STNewStoryViewController.m */ = {isa = PBXFileReference; fileEncoding = 4; lastKnownFileType = sourcecode.c.objc; path = STNewStoryViewController.m; sourceTree = "<group>"; };
		10F5B00E155C8D11004A735A /* NavBar.png */ = {isa = PBXFileReference; lastKnownFileType = image.png; name = NavBar.png; path = Storeys/Textures/NavBar.png; sourceTree = "<group>"; };
		10F5B00F155C8D11004A735A /* NavBar@2x.png */ = {isa = PBXFileReference; lastKnownFileType = image.png; name = "NavBar@2x.png"; path = "Storeys/Textures/NavBar@2x.png"; sourceTree = "<group>"; };
/* End PBXFileReference section */

/* Begin PBXFrameworksBuildPhase section */
		10622DD4155896E000FDE8FD /* Frameworks */ = {
			isa = PBXFrameworksBuildPhase;
			buildActionMask = 2147483647;
			files = (
				10622E481558B26500FDE8FD /* QuartzCore.framework in Frameworks */,
				10622DDC155896E000FDE8FD /* UIKit.framework in Frameworks */,
				10622DDE155896E000FDE8FD /* Foundation.framework in Frameworks */,
				10622DE0155896E000FDE8FD /* CoreGraphics.framework in Frameworks */,
			);
			runOnlyForDeploymentPostprocessing = 0;
		};
		10622DF4155896E100FDE8FD /* Frameworks */ = {
			isa = PBXFrameworksBuildPhase;
			buildActionMask = 2147483647;
			files = (
				10622DFA155896E100FDE8FD /* SenTestingKit.framework in Frameworks */,
				10622DFB155896E100FDE8FD /* UIKit.framework in Frameworks */,
				10622DFC155896E100FDE8FD /* Foundation.framework in Frameworks */,
			);
			runOnlyForDeploymentPostprocessing = 0;
		};
/* End PBXFrameworksBuildPhase section */

/* Begin PBXGroup section */
		10622DCC155896DF00FDE8FD = {
			isa = PBXGroup;
			children = (
				10622DE1155896E000FDE8FD /* Storeys */,
				10622DFF155896E100FDE8FD /* StoreysTests */,
				10622DDA155896E000FDE8FD /* Frameworks */,
				10622DD8155896E000FDE8FD /* Products */,
			);
			sourceTree = "<group>";
		};
		10622DD8155896E000FDE8FD /* Products */ = {
			isa = PBXGroup;
			children = (
				10622DD7155896E000FDE8FD /* Storeys.app */,
				10622DF8155896E100FDE8FD /* StoreysTests.octest */,
			);
			name = Products;
			sourceTree = "<group>";
		};
		10622DDA155896E000FDE8FD /* Frameworks */ = {
			isa = PBXGroup;
			children = (
				10622E471558B26400FDE8FD /* QuartzCore.framework */,
				10622DDB155896E000FDE8FD /* UIKit.framework */,
				10622DDD155896E000FDE8FD /* Foundation.framework */,
				10622DDF155896E000FDE8FD /* CoreGraphics.framework */,
				10622DF9155896E100FDE8FD /* SenTestingKit.framework */,
			);
			name = Frameworks;
			sourceTree = "<group>";
		};
		10622DE1155896E000FDE8FD /* Storeys */ = {
			isa = PBXGroup;
			children = (
				10622DEA155896E000FDE8FD /* STAppDelegate.h */,
				10622DEB155896E000FDE8FD /* STAppDelegate.m */,
				10EFE1741559DF87000FCEA1 /* STNewStoryViewController.h */,
				10EFE1751559DF87000FCEA1 /* STNewStoryViewController.m */,
				1091CB7715596EEB005BF9CE /* STLatestViewController.h */,
				1091CB7815596EEC005BF9CE /* STLatestViewController.m */,
				10622E101558997600FDE8FD /* STStoriesViewController.h */,
				10622E111558997600FDE8FD /* STStoriesViewController.m */,
				10622E161558A61300FDE8FD /* STSingleStoryViewController.h */,
				10622E171558A61300FDE8FD /* STSingleStoryViewController.m */,
				10622E13155899DB00FDE8FD /* STStory.h */,
				10622E14155899DB00FDE8FD /* STStory.m */,
				1091CB84155983B3005BF9CE /* Constants.h */,
				109F28891559F14C00F23F4E /* AFStoreysClient.h */,
				109F288A1559F14C00F23F4E /* AFStoreysClient.m */,
				10622DED155896E000FDE8FD /* MainStoryboard.storyboard */,
				10F5B012155C8D18004A735A /* Textures */,
				1091CB8315597189005BF9CE /* Icons */,
				109F28681559F08700F23F4E /* AFNetworking */,
				10622E491558B41300FDE8FD /* PullToRefreshView */,
				10622E3E1558AF5E00FDE8FD /* SBJson */,
				10622DE2155896E000FDE8FD /* Supporting Files */,
			);
			path = Storeys;
			sourceTree = "<group>";
		};
		10622DE2155896E000FDE8FD /* Supporting Files */ = {
			isa = PBXGroup;
			children = (
				10622DE3155896E000FDE8FD /* Storeys-Info.plist */,
				10622DE4155896E000FDE8FD /* InfoPlist.strings */,
				10622DE7155896E000FDE8FD /* main.m */,
				10622DE9155896E000FDE8FD /* Storeys-Prefix.pch */,
			);
			name = "Supporting Files";
			sourceTree = "<group>";
		};
		10622DFF155896E100FDE8FD /* StoreysTests */ = {
			isa = PBXGroup;
			children = (
				10622E05155896E100FDE8FD /* StoreysTests.h */,
				10622E06155896E100FDE8FD /* StoreysTests.m */,
				10622E00155896E100FDE8FD /* Supporting Files */,
			);
			path = StoreysTests;
			sourceTree = "<group>";
		};
		10622E00155896E100FDE8FD /* Supporting Files */ = {
			isa = PBXGroup;
			children = (
				10622E01155896E100FDE8FD /* StoreysTests-Info.plist */,
				10622E02155896E100FDE8FD /* InfoPlist.strings */,
			);
			name = "Supporting Files";
			sourceTree = "<group>";
		};
		10622E3E1558AF5E00FDE8FD /* SBJson */ = {
			isa = PBXGroup;
			children = (
				10622E191558AF5300FDE8FD /* NSObject+SBJson.h */,
				10622E1A1558AF5300FDE8FD /* NSObject+SBJson.m */,
				10622E1B1558AF5300FDE8FD /* SBJson.h */,
				10622E1C1558AF5300FDE8FD /* SBJsonParser.h */,
				10622E1D1558AF5400FDE8FD /* SBJsonParser.m */,
				10622E1E1558AF5400FDE8FD /* SBJsonStreamParser.h */,
				10622E1F1558AF5400FDE8FD /* SBJsonStreamParser.m */,
				10622E201558AF5400FDE8FD /* SBJsonStreamParserAccumulator.h */,
				10622E211558AF5400FDE8FD /* SBJsonStreamParserAccumulator.m */,
				10622E221558AF5400FDE8FD /* SBJsonStreamParserAdapter.h */,
				10622E231558AF5400FDE8FD /* SBJsonStreamParserAdapter.m */,
				10622E241558AF5400FDE8FD /* SBJsonStreamParserState.h */,
				10622E251558AF5400FDE8FD /* SBJsonStreamParserState.m */,
				10622E261558AF5400FDE8FD /* SBJsonStreamWriter.h */,
				10622E271558AF5400FDE8FD /* SBJsonStreamWriter.m */,
				10622E281558AF5400FDE8FD /* SBJsonStreamWriterAccumulator.h */,
				10622E291558AF5400FDE8FD /* SBJsonStreamWriterAccumulator.m */,
				10622E2A1558AF5500FDE8FD /* SBJsonStreamWriterState.h */,
				10622E2B1558AF5500FDE8FD /* SBJsonStreamWriterState.m */,
				10622E2C1558AF5500FDE8FD /* SBJsonTokeniser.h */,
				10622E2D1558AF5500FDE8FD /* SBJsonTokeniser.m */,
				10622E2E1558AF5500FDE8FD /* SBJsonUTF8Stream.h */,
				10622E2F1558AF5500FDE8FD /* SBJsonUTF8Stream.m */,
				10622E301558AF5500FDE8FD /* SBJsonWriter.h */,
				10622E311558AF5500FDE8FD /* SBJsonWriter.m */,
			);
			name = SBJson;
			sourceTree = "<group>";
		};
		10622E491558B41300FDE8FD /* PullToRefreshView */ = {
			isa = PBXGroup;
			children = (
				10622E3F1558B1B000FDE8FD /* arrow.png */,
				10622E401558B1B000FDE8FD /* arrow@2x.png */,
				10622E411558B1B000FDE8FD /* PullToRefreshView.h */,
				10622E421558B1B000FDE8FD /* PullToRefreshView.m */,
			);
			name = PullToRefreshView;
			sourceTree = "<group>";
		};
		1091CB8315597189005BF9CE /* Icons */ = {
			isa = PBXGroup;
			children = (
				1091CB931559B835005BF9CE /* Default@2x.png */,
				1091CB911559B82E005BF9CE /* Default.png */,
				1091CB8B1559B609005BF9CE /* Icon@2x.png */,
				1091CB891559B5FB005BF9CE /* Icon.png */,
				1091CB7B1559717C005BF9CE /* 64-zap.png */,
				1091CB7C1559717C005BF9CE /* 64-zap@2x.png */,
				1091CB7D1559717D005BF9CE /* 96-book.png */,
				1091CB7E1559717D005BF9CE /* 96-book@2x.png */,
			);
			name = Icons;
			sourceTree = "<group>";
		};
		109F28681559F08700F23F4E /* AFNetworking */ = {
			isa = PBXGroup;
			children = (
				109F28691559F08700F23F4E /* AFHTTPClient.h */,
				109F286A1559F08700F23F4E /* AFHTTPClient.m */,
				109F286B1559F08700F23F4E /* AFHTTPRequestOperation.h */,
				109F286C1559F08700F23F4E /* AFHTTPRequestOperation.m */,
				109F286D1559F08700F23F4E /* AFImageRequestOperation.h */,
				109F286E1559F08700F23F4E /* AFImageRequestOperation.m */,
				109F286F1559F08700F23F4E /* AFJSONRequestOperation.h */,
				109F28701559F08700F23F4E /* AFJSONRequestOperation.m */,
				109F28711559F08700F23F4E /* AFJSONUtilities.h */,
				109F28721559F08700F23F4E /* AFJSONUtilities.m */,
				109F28731559F08700F23F4E /* AFNetworkActivityIndicatorManager.h */,
				109F28741559F08700F23F4E /* AFNetworkActivityIndicatorManager.m */,
				109F28751559F08700F23F4E /* AFNetworking.h */,
				109F28761559F08700F23F4E /* AFPropertyListRequestOperation.h */,
				109F28771559F08700F23F4E /* AFPropertyListRequestOperation.m */,
				109F28781559F08700F23F4E /* AFURLConnectionOperation.h */,
				109F28791559F08700F23F4E /* AFURLConnectionOperation.m */,
				109F287A1559F08700F23F4E /* AFXMLRequestOperation.h */,
				109F287B1559F08700F23F4E /* AFXMLRequestOperation.m */,
				109F287C1559F08700F23F4E /* UIImageView+AFNetworking.h */,
				109F287D1559F08700F23F4E /* UIImageView+AFNetworking.m */,
			);
			path = AFNetworking;
			sourceTree = "<group>";
		};
		10F5B012155C8D18004A735A /* Textures */ = {
			isa = PBXGroup;
			children = (
				100DF488155DA06600195D22 /* Background.jpg */,
				10F5B00E155C8D11004A735A /* NavBar.png */,
				10F5B00F155C8D11004A735A /* NavBar@2x.png */,
			);
			name = Textures;
			path = ..;
			sourceTree = "<group>";
		};
/* End PBXGroup section */

/* Begin PBXNativeTarget section */
		10622DD6155896E000FDE8FD /* Storeys */ = {
			isa = PBXNativeTarget;
			buildConfigurationList = 10622E0A155896E100FDE8FD /* Build configuration list for PBXNativeTarget "Storeys" */;
			buildPhases = (
				10622DD3155896E000FDE8FD /* Sources */,
				10622DD4155896E000FDE8FD /* Frameworks */,
				10622DD5155896E000FDE8FD /* Resources */,
			);
			buildRules = (
			);
			dependencies = (
			);
			name = Storeys;
			productName = Storeys;
			productReference = 10622DD7155896E000FDE8FD /* Storeys.app */;
			productType = "com.apple.product-type.application";
		};
		10622DF7155896E100FDE8FD /* StoreysTests */ = {
			isa = PBXNativeTarget;
			buildConfigurationList = 10622E0D155896E100FDE8FD /* Build configuration list for PBXNativeTarget "StoreysTests" */;
			buildPhases = (
				10622DF3155896E100FDE8FD /* Sources */,
				10622DF4155896E100FDE8FD /* Frameworks */,
				10622DF5155896E100FDE8FD /* Resources */,
				10622DF6155896E100FDE8FD /* ShellScript */,
			);
			buildRules = (
			);
			dependencies = (
				10622DFE155896E100FDE8FD /* PBXTargetDependency */,
			);
			name = StoreysTests;
			productName = StoreysTests;
			productReference = 10622DF8155896E100FDE8FD /* StoreysTests.octest */;
			productType = "com.apple.product-type.bundle";
		};
/* End PBXNativeTarget section */

/* Begin PBXProject section */
		10622DCE155896DF00FDE8FD /* Project object */ = {
			isa = PBXProject;
			attributes = {
				CLASSPREFIX = ST;
				LastUpgradeCheck = 0430;
				ORGANIZATIONNAME = colorforest;
			};
			buildConfigurationList = 10622DD1155896DF00FDE8FD /* Build configuration list for PBXProject "Storeys" */;
			compatibilityVersion = "Xcode 3.2";
			developmentRegion = English;
			hasScannedForEncodings = 0;
			knownRegions = (
				en,
			);
			mainGroup = 10622DCC155896DF00FDE8FD;
			productRefGroup = 10622DD8155896E000FDE8FD /* Products */;
			projectDirPath = "";
			projectRoot = "";
			targets = (
				10622DD6155896E000FDE8FD /* Storeys */,
				10622DF7155896E100FDE8FD /* StoreysTests */,
			);
		};
/* End PBXProject section */

/* Begin PBXResourcesBuildPhase section */
		10622DD5155896E000FDE8FD /* Resources */ = {
			isa = PBXResourcesBuildPhase;
			buildActionMask = 2147483647;
			files = (
				10622DE6155896E000FDE8FD /* InfoPlist.strings in Resources */,
				10622DEF155896E000FDE8FD /* MainStoryboard.storyboard in Resources */,
				10622E431558B1B000FDE8FD /* arrow.png in Resources */,
				10622E441558B1B000FDE8FD /* arrow@2x.png in Resources */,
				1091CB7F1559717D005BF9CE /* 64-zap.png in Resources */,
				1091CB801559717D005BF9CE /* 64-zap@2x.png in Resources */,
				1091CB811559717D005BF9CE /* 96-book.png in Resources */,
				1091CB821559717D005BF9CE /* 96-book@2x.png in Resources */,
				1091CB8A1559B5FB005BF9CE /* Icon.png in Resources */,
				1091CB8C1559B609005BF9CE /* Icon@2x.png in Resources */,
				1091CB921559B82E005BF9CE /* Default.png in Resources */,
				1091CB941559B835005BF9CE /* Default@2x.png in Resources */,
				10F5B010155C8D11004A735A /* NavBar.png in Resources */,
				10F5B011155C8D11004A735A /* NavBar@2x.png in Resources */,
				100DF489155DA06600195D22 /* Background.jpg in Resources */,
			);
			runOnlyForDeploymentPostprocessing = 0;
		};
		10622DF5155896E100FDE8FD /* Resources */ = {
			isa = PBXResourcesBuildPhase;
			buildActionMask = 2147483647;
			files = (
				10622E04155896E100FDE8FD /* InfoPlist.strings in Resources */,
			);
			runOnlyForDeploymentPostprocessing = 0;
		};
/* End PBXResourcesBuildPhase section */

/* Begin PBXShellScriptBuildPhase section */
		10622DF6155896E100FDE8FD /* ShellScript */ = {
			isa = PBXShellScriptBuildPhase;
			buildActionMask = 2147483647;
			files = (
			);
			inputPaths = (
			);
			outputPaths = (
			);
			runOnlyForDeploymentPostprocessing = 0;
			shellPath = /bin/sh;
			shellScript = "# Run the unit tests in this test bundle.\n\"${SYSTEM_DEVELOPER_DIR}/Tools/RunUnitTests\"\n";
		};
/* End PBXShellScriptBuildPhase section */

/* Begin PBXSourcesBuildPhase section */
		10622DD3155896E000FDE8FD /* Sources */ = {
			isa = PBXSourcesBuildPhase;
			buildActionMask = 2147483647;
			files = (
				10622DE8155896E000FDE8FD /* main.m in Sources */,
				10622DEC155896E000FDE8FD /* STAppDelegate.m in Sources */,
				10622E121558997600FDE8FD /* STStoriesViewController.m in Sources */,
				10622E15155899DB00FDE8FD /* STStory.m in Sources */,
				10622E181558A61300FDE8FD /* STSingleStoryViewController.m in Sources */,
				10622E321558AF5500FDE8FD /* NSObject+SBJson.m in Sources */,
				10622E331558AF5500FDE8FD /* SBJsonParser.m in Sources */,
				10622E341558AF5500FDE8FD /* SBJsonStreamParser.m in Sources */,
				10622E351558AF5500FDE8FD /* SBJsonStreamParserAccumulator.m in Sources */,
				10622E361558AF5500FDE8FD /* SBJsonStreamParserAdapter.m in Sources */,
				10622E371558AF5500FDE8FD /* SBJsonStreamParserState.m in Sources */,
				10622E381558AF5500FDE8FD /* SBJsonStreamWriter.m in Sources */,
				10622E391558AF5500FDE8FD /* SBJsonStreamWriterAccumulator.m in Sources */,
				10622E3A1558AF5500FDE8FD /* SBJsonStreamWriterState.m in Sources */,
				10622E3B1558AF5500FDE8FD /* SBJsonTokeniser.m in Sources */,
				10622E3C1558AF5500FDE8FD /* SBJsonUTF8Stream.m in Sources */,
				10622E3D1558AF5500FDE8FD /* SBJsonWriter.m in Sources */,
				10622E451558B1B000FDE8FD /* PullToRefreshView.m in Sources */,
				1091CB7915596EEC005BF9CE /* STLatestViewController.m in Sources */,
				10EFE1761559DF87000FCEA1 /* STNewStoryViewController.m in Sources */,
				109F287E1559F08700F23F4E /* AFHTTPClient.m in Sources */,
				109F287F1559F08700F23F4E /* AFHTTPRequestOperation.m in Sources */,
				109F28801559F08700F23F4E /* AFImageRequestOperation.m in Sources */,
				109F28811559F08700F23F4E /* AFJSONRequestOperation.m in Sources */,
				109F28821559F08700F23F4E /* AFJSONUtilities.m in Sources */,
				109F28831559F08700F23F4E /* AFNetworkActivityIndicatorManager.m in Sources */,
				109F28841559F08700F23F4E /* AFPropertyListRequestOperation.m in Sources */,
				109F28851559F08700F23F4E /* AFURLConnectionOperation.m in Sources */,
				109F28861559F08700F23F4E /* AFXMLRequestOperation.m in Sources */,
				109F28871559F08700F23F4E /* UIImageView+AFNetworking.m in Sources */,
				109F288B1559F14C00F23F4E /* AFStoreysClient.m in Sources */,
			);
			runOnlyForDeploymentPostprocessing = 0;
		};
		10622DF3155896E100FDE8FD /* Sources */ = {
			isa = PBXSourcesBuildPhase;
			buildActionMask = 2147483647;
			files = (
				10622E07155896E100FDE8FD /* StoreysTests.m in Sources */,
			);
			runOnlyForDeploymentPostprocessing = 0;
		};
/* End PBXSourcesBuildPhase section */

/* Begin PBXTargetDependency section */
		10622DFE155896E100FDE8FD /* PBXTargetDependency */ = {
			isa = PBXTargetDependency;
			target = 10622DD6155896E000FDE8FD /* Storeys */;
			targetProxy = 10622DFD155896E100FDE8FD /* PBXContainerItemProxy */;
		};
/* End PBXTargetDependency section */

/* Begin PBXVariantGroup section */
		10622DE4155896E000FDE8FD /* InfoPlist.strings */ = {
			isa = PBXVariantGroup;
			children = (
				10622DE5155896E000FDE8FD /* en */,
			);
			name = InfoPlist.strings;
			sourceTree = "<group>";
		};
		10622DED155896E000FDE8FD /* MainStoryboard.storyboard */ = {
			isa = PBXVariantGroup;
			children = (
				10622DEE155896E000FDE8FD /* en */,
			);
			name = MainStoryboard.storyboard;
			sourceTree = "<group>";
		};
		10622E02155896E100FDE8FD /* InfoPlist.strings */ = {
			isa = PBXVariantGroup;
			children = (
				10622E03155896E100FDE8FD /* en */,
			);
			name = InfoPlist.strings;
			sourceTree = "<group>";
		};
/* End PBXVariantGroup section */

/* Begin XCBuildConfiguration section */
		10622E08155896E100FDE8FD /* Debug */ = {
			isa = XCBuildConfiguration;
			buildSettings = {
				ALWAYS_SEARCH_USER_PATHS = NO;
				ARCHS = "$(ARCHS_STANDARD_32_BIT)";
				CLANG_ENABLE_OBJC_ARC = YES;
				CODE_SIGN_IDENTITY = "iPhone Developer";
				"CODE_SIGN_IDENTITY[sdk=iphoneos*]" = "iPhone Developer";
				COPY_PHASE_STRIP = NO;
				GCC_C_LANGUAGE_STANDARD = gnu99;
				GCC_DYNAMIC_NO_PIC = NO;
				GCC_OPTIMIZATION_LEVEL = 0;
				GCC_PREPROCESSOR_DEFINITIONS = (
					"DEBUG=1",
					"$(inherited)",
				);
				GCC_SYMBOLS_PRIVATE_EXTERN = NO;
				GCC_VERSION = com.apple.compilers.llvm.clang.1_0;
				GCC_WARN_ABOUT_RETURN_TYPE = YES;
				GCC_WARN_UNINITIALIZED_AUTOS = YES;
				GCC_WARN_UNUSED_VARIABLE = YES;
				IPHONEOS_DEPLOYMENT_TARGET = 5.1;
				PROVISIONING_PROFILE = "";
				SDKROOT = iphoneos;
			};
			name = Debug;
		};
		10622E09155896E100FDE8FD /* Release */ = {
			isa = XCBuildConfiguration;
			buildSettings = {
				ALWAYS_SEARCH_USER_PATHS = NO;
				ARCHS = "$(ARCHS_STANDARD_32_BIT)";
				CLANG_ENABLE_OBJC_ARC = YES;
				CODE_SIGN_IDENTITY = "iPhone Distribution: Justin Cheng";
				"CODE_SIGN_IDENTITY[sdk=iphoneos*]" = "iPhone Developer";
				COPY_PHASE_STRIP = YES;
				GCC_C_LANGUAGE_STANDARD = gnu99;
				GCC_VERSION = com.apple.compilers.llvm.clang.1_0;
				GCC_WARN_ABOUT_RETURN_TYPE = YES;
				GCC_WARN_UNINITIALIZED_AUTOS = YES;
				GCC_WARN_UNUSED_VARIABLE = YES;
				IPHONEOS_DEPLOYMENT_TARGET = 5.1;
				OTHER_CFLAGS = "-DNS_BLOCK_ASSERTIONS=1";
				PROVISIONING_PROFILE = "712DD33F-0C9C-4224-B080-6FD317CA80CE";
				SDKROOT = iphoneos;
				VALIDATE_PRODUCT = YES;
			};
			name = Release;
		};
		10622E0B155896E100FDE8FD /* Debug */ = {
			isa = XCBuildConfiguration;
			buildSettings = {
				GCC_PRECOMPILE_PREFIX_HEADER = YES;
				GCC_PREFIX_HEADER = "Storeys/Storeys-Prefix.pch";
				INFOPLIST_FILE = "Storeys/Storeys-Info.plist";
				PRODUCT_NAME = "$(TARGET_NAME)";
				WRAPPER_EXTENSION = app;
			};
			name = Debug;
		};
		10622E0C155896E100FDE8FD /* Release */ = {
			isa = XCBuildConfiguration;
			buildSettings = {
				GCC_PRECOMPILE_PREFIX_HEADER = YES;
				GCC_PREFIX_HEADER = "Storeys/Storeys-Prefix.pch";
				INFOPLIST_FILE = "Storeys/Storeys-Info.plist";
				PRODUCT_NAME = "$(TARGET_NAME)";
				WRAPPER_EXTENSION = app;
			};
			name = Release;
		};
		10622E0E155896E100FDE8FD /* Debug */ = {
			isa = XCBuildConfiguration;
			buildSettings = {
				BUNDLE_LOADER = "$(BUILT_PRODUCTS_DIR)/Storeys.app/Storeys";
				FRAMEWORK_SEARCH_PATHS = (
					"$(SDKROOT)/Developer/Library/Frameworks",
					"$(DEVELOPER_LIBRARY_DIR)/Frameworks",
				);
				GCC_PRECOMPILE_PREFIX_HEADER = YES;
				GCC_PREFIX_HEADER = "Storeys/Storeys-Prefix.pch";
				INFOPLIST_FILE = "StoreysTests/StoreysTests-Info.plist";
				PRODUCT_NAME = "$(TARGET_NAME)";
				TEST_HOST = "$(BUNDLE_LOADER)";
				WRAPPER_EXTENSION = octest;
			};
			name = Debug;
		};
		10622E0F155896E100FDE8FD /* Release */ = {
			isa = XCBuildConfiguration;
			buildSettings = {
				BUNDLE_LOADER = "$(BUILT_PRODUCTS_DIR)/Storeys.app/Storeys";
				FRAMEWORK_SEARCH_PATHS = (
					"$(SDKROOT)/Developer/Library/Frameworks",
					"$(DEVELOPER_LIBRARY_DIR)/Frameworks",
				);
				GCC_PRECOMPILE_PREFIX_HEADER = YES;
				GCC_PREFIX_HEADER = "Storeys/Storeys-Prefix.pch";
				INFOPLIST_FILE = "StoreysTests/StoreysTests-Info.plist";
				PRODUCT_NAME = "$(TARGET_NAME)";
				TEST_HOST = "$(BUNDLE_LOADER)";
				WRAPPER_EXTENSION = octest;
			};
			name = Release;
		};
/* End XCBuildConfiguration section */

/* Begin XCConfigurationList section */
		10622DD1155896DF00FDE8FD /* Build configuration list for PBXProject "Storeys" */ = {
			isa = XCConfigurationList;
			buildConfigurations = (
				10622E08155896E100FDE8FD /* Debug */,
				10622E09155896E100FDE8FD /* Release */,
			);
			defaultConfigurationIsVisible = 0;
			defaultConfigurationName = Release;
		};
		10622E0A155896E100FDE8FD /* Build configuration list for PBXNativeTarget "Storeys" */ = {
			isa = XCConfigurationList;
			buildConfigurations = (
				10622E0B155896E100FDE8FD /* Debug */,
				10622E0C155896E100FDE8FD /* Release */,
			);
			defaultConfigurationIsVisible = 0;
			defaultConfigurationName = Release;
		};
		10622E0D155896E100FDE8FD /* Build configuration list for PBXNativeTarget "StoreysTests" */ = {
			isa = XCConfigurationList;
			buildConfigurations = (
				10622E0E155896E100FDE8FD /* Debug */,
				10622E0F155896E100FDE8FD /* Release */,
			);
			defaultConfigurationIsVisible = 0;
			defaultConfigurationName = Release;
		};
/* End XCConfigurationList section */
	};
	rootObject = 10622DCE155896DF00FDE8FD /* Project object */;
}
