// !$*UTF8*$!
{
	archiveVersion = 1;
	classes = {
	};
	objectVersion = 46;
	objects = {

/* Begin PBXBuildFile section */
		10622DDC155896E000FDE8FD /* UIKit.framework in Frameworks */ = {isa = PBXBuildFile; fileRef = 10622DDB155896E000FDE8FD /* UIKit.framework */; };
		10622DDE155896E000FDE8FD /* Foundation.framework in Frameworks */ = {isa = PBXBuildFile; fileRef = 10622DDD155896E000FDE8FD /* Foundation.framework */; };
		10622DE0155896E000FDE8FD /* CoreGraphics.framework in Frameworks */ = {isa = PBXBuildFile; fileRef = 10622DDF155896E000FDE8FD /* CoreGraphics.framework */; };
		10622DE6155896E000FDE8FD /* InfoPlist.strings in Resources */ = {isa = PBXBuildFile; fileRef = 10622DE4155896E000FDE8FD /* InfoPlist.strings */; };
		10622DE8155896E000FDE8FD /* main.m in Sources */ = {isa = PBXBuildFile; fileRef = 10622DE7155896E000FDE8FD /* main.m */; };
		10622DEC155896E000FDE8FD /* STAppDelegate.m in Sources */ = {isa = PBXBuildFile; fileRef = 10622DEB155896E000FDE8FD /* STAppDelegate.m */; };
		10622DEF155896E000FDE8FD /* MainStoryboard.storyboard in Resources */ = {isa = PBXBuildFile; fileRef = 10622DED155896E000FDE8FD /* MainStoryboard.storyboard */; };
		10622DF2155896E000FDE8FD /* STViewController.m in Sources */ = {isa = PBXBuildFile; fileRef = 10622DF1155896E000FDE8FD /* STViewController.m */; };
		10622DFA155896E100FDE8FD /* SenTestingKit.framework in Frameworks */ = {isa = PBXBuildFile; fileRef = 10622DF9155896E100FDE8FD /* SenTestingKit.framework */; };
		10622DFB155896E100FDE8FD /* UIKit.framework in Frameworks */ = {isa = PBXBuildFile; fileRef = 10622DDB155896E000FDE8FD /* UIKit.framework */; };
		10622DFC155896E100FDE8FD /* Foundation.framework in Frameworks */ = {isa = PBXBuildFile; fileRef = 10622DDD155896E000FDE8FD /* Foundation.framework */; };
		10622E04155896E100FDE8FD /* InfoPlist.strings in Resources */ = {isa = PBXBuildFile; fileRef = 10622E02155896E100FDE8FD /* InfoPlist.strings */; };
		10622E07155896E100FDE8FD /* StoreysTests.m in Sources */ = {isa = PBXBuildFile; fileRef = 10622E06155896E100FDE8FD /* StoreysTests.m */; };
/* End PBXBuildFile section */

/* Begin PBXContainerItemProxy section */
		10622DFD155896E100FDE8FD /* PBXContainerItemProxy */ = {
			isa = PBXContainerItemProxy;
			containerPortal = 10622DCE155896DF00FDE8FD /* Project object */;
			proxyType = 1;
			remoteGlobalIDString = 10622DD6155896E000FDE8FD;
			remoteInfo = Storeys;
		};
/* End PBXContainerItemProxy section */

/* Begin PBXFileReference section */
		10622DD7155896E000FDE8FD /* Storeys.app */ = {isa = PBXFileReference; explicitFileType = wrapper.application; includeInIndex = 0; path = Storeys.app; sourceTree = BUILT_PRODUCTS_DIR; };
		10622DDB155896E000FDE8FD /* UIKit.framework */ = {isa = PBXFileReference; lastKnownFileType = wrapper.framework; name = UIKit.framework; path = System/Library/Frameworks/UIKit.framework; sourceTree = SDKROOT; };
		10622DDD155896E000FDE8FD /* Foundation.framework */ = {isa = PBXFileReference; lastKnownFileType = wrapper.framework; name = Foundation.framework; path = System/Library/Frameworks/Foundation.framework; sourceTree = SDKROOT; };
		10622DDF155896E000FDE8FD /* CoreGraphics.framework */ = {isa = PBXFileReference; lastKnownFileType = wrapper.framework; name = CoreGraphics.framework; path = System/Library/Frameworks/CoreGraphics.framework; sourceTree = SDKROOT; };
		10622DE3155896E000FDE8FD /* Storeys-Info.plist */ = {isa = PBXFileReference; path = "Storeys-Info.plist"; sourceTree = "<group>"; };
		10622DE5155896E000FDE8FD /* en */ = {isa = PBXFileReference; lastKnownFileType = text.plist.strings; name = en; path = en.lproj/InfoPlist.strings; sourceTree = "<group>"; };
		10622DE7155896E000FDE8FD /* main.m */ = {isa = PBXFileReference; lastKnownFileType = sourcecode.c.objc; path = main.m; sourceTree = "<group>"; };
		10622DE9155896E000FDE8FD /* Storeys-Prefix.pch */ = {isa = PBXFileReference; path = "Storeys-Prefix.pch"; sourceTree = "<group>"; };
		10622DEA155896E000FDE8FD /* STAppDelegate.h */ = {isa = PBXFileReference; path = STAppDelegate.h; sourceTree = "<group>"; };
		10622DEB155896E000FDE8FD /* STAppDelegate.m */ = {isa = PBXFileReference; lastKnownFileType = sourcecode.c.objc; path = STAppDelegate.m; sourceTree = "<group>"; };
		10622DEE155896E000FDE8FD /* en */ = {isa = PBXFileReference; lastKnownFileType = file.storyboard; name = en; path = en.lproj/MainStoryboard.storyboard; sourceTree = "<group>"; };
		10622DF0155896E000FDE8FD /* STViewController.h */ = {isa = PBXFileReference; path = STViewController.h; sourceTree = "<group>"; };
		10622DF1155896E000FDE8FD /* STViewController.m */ = {isa = PBXFileReference; lastKnownFileType = sourcecode.c.objc; path = STViewController.m; sourceTree = "<group>"; };
		10622DF8155896E100FDE8FD /* StoreysTests.octest */ = {isa = PBXFileReference; explicitFileType = wrapper.cfbundle; includeInIndex = 0; path = StoreysTests.octest; sourceTree = BUILT_PRODUCTS_DIR; };
		10622DF9155896E100FDE8FD /* SenTestingKit.framework */ = {isa = PBXFileReference; lastKnownFileType = wrapper.framework; name = SenTestingKit.framework; path = Library/Frameworks/SenTestingKit.framework; sourceTree = DEVELOPER_DIR; };
		10622E01155896E100FDE8FD /* StoreysTests-Info.plist */ = {isa = PBXFileReference; path = "StoreysTests-Info.plist"; sourceTree = "<group>"; };
		10622E03155896E100FDE8FD /* en */ = {isa = PBXFileReference; lastKnownFileType = text.plist.strings; name = en; path = en.lproj/InfoPlist.strings; sourceTree = "<group>"; };
		10622E05155896E100FDE8FD /* StoreysTests.h */ = {isa = PBXFileReference; path = StoreysTests.h; sourceTree = "<group>"; };
		10622E06155896E100FDE8FD /* StoreysTests.m */ = {isa = PBXFileReference; lastKnownFileType = sourcecode.c.objc; path = StoreysTests.m; sourceTree = "<group>"; };
/* End PBXFileReference section */

/* Begin PBXFrameworksBuildPhase section */
		10622DD4155896E000FDE8FD /* Frameworks */ = {
			isa = PBXFrameworksBuildPhase;
			buildActionMask = 2147483647;
			files = (
				10622DDC155896E000FDE8FD /* UIKit.framework in Frameworks */,
				10622DDE155896E000FDE8FD /* Foundation.framework in Frameworks */,
				10622DE0155896E000FDE8FD /* CoreGraphics.framework in Frameworks */,
			);
			runOnlyForDeploymentPostprocessing = 0;
		};
		10622DF4155896E100FDE8FD /* Frameworks */ = {
			isa = PBXFrameworksBuildPhase;
			buildActionMask = 2147483647;
			files = (
				10622DFA155896E100FDE8FD /* SenTestingKit.framework in Frameworks */,
				10622DFB155896E100FDE8FD /* UIKit.framework in Frameworks */,
				10622DFC155896E100FDE8FD /* Foundation.framework in Frameworks */,
			);
			runOnlyForDeploymentPostprocessing = 0;
		};
/* End PBXFrameworksBuildPhase section */

/* Begin PBXGroup section */
		10622DCC155896DF00FDE8FD = {
			isa = PBXGroup;
			children = (
				10622DE1155896E000FDE8FD /* Storeys */,
				10622DFF155896E100FDE8FD /* StoreysTests */,
				10622DDA155896E000FDE8FD /* Frameworks */,
				10622DD8155896E000FDE8FD /* Products */,
			);
			sourceTree = "<group>";
		};
		10622DD8155896E000FDE8FD /* Products */ = {
			isa = PBXGroup;
			children = (
				10622DD7155896E000FDE8FD /* Storeys.app */,
				10622DF8155896E100FDE8FD /* StoreysTests.octest */,
			);
			name = Products;
			sourceTree = "<group>";
		};
		10622DDA155896E000FDE8FD /* Frameworks */ = {
			isa = PBXGroup;
			children = (
				10622DDB155896E000FDE8FD /* UIKit.framework */,
				10622DDD155896E000FDE8FD /* Foundation.framework */,
				10622DDF155896E000FDE8FD /* CoreGraphics.framework */,
				10622DF9155896E100FDE8FD /* SenTestingKit.framework */,
			);
			name = Frameworks;
			sourceTree = "<group>";
		};
		10622DE1155896E000FDE8FD /* Storeys */ = {
			isa = PBXGroup;
			children = (
				10622DEA155896E000FDE8FD /* STAppDelegate.h */,
				10622DEB155896E000FDE8FD /* STAppDelegate.m */,
				10622DED155896E000FDE8FD /* MainStoryboard.storyboard */,
				10622DF0155896E000FDE8FD /* STViewController.h */,
				10622DF1155896E000FDE8FD /* STViewController.m */,
				10622DE2155896E000FDE8FD /* Supporting Files */,
			);
			path = Storeys;
			sourceTree = "<group>";
		};
		10622DE2155896E000FDE8FD /* Supporting Files */ = {
			isa = PBXGroup;
			children = (
				10622DE3155896E000FDE8FD /* Storeys-Info.plist */,
				10622DE4155896E000FDE8FD /* InfoPlist.strings */,
				10622DE7155896E000FDE8FD /* main.m */,
				10622DE9155896E000FDE8FD /* Storeys-Prefix.pch */,
			);
			name = "Supporting Files";
			sourceTree = "<group>";
		};
		10622DFF155896E100FDE8FD /* StoreysTests */ = {
			isa = PBXGroup;
			children = (
				10622E05155896E100FDE8FD /* StoreysTests.h */,
				10622E06155896E100FDE8FD /* StoreysTests.m */,
				10622E00155896E100FDE8FD /* Supporting Files */,
			);
			path = StoreysTests;
			sourceTree = "<group>";
		};
		10622E00155896E100FDE8FD /* Supporting Files */ = {
			isa = PBXGroup;
			children = (
				10622E01155896E100FDE8FD /* StoreysTests-Info.plist */,
				10622E02155896E100FDE8FD /* InfoPlist.strings */,
			);
			name = "Supporting Files";
			sourceTree = "<group>";
		};
/* End PBXGroup section */

/* Begin PBXNativeTarget section */
		10622DD6155896E000FDE8FD /* Storeys */ = {
			isa = PBXNativeTarget;
			buildConfigurationList = 10622E0A155896E100FDE8FD /* Build configuration list for PBXNativeTarget "Storeys" */;
			buildPhases = (
				10622DD3155896E000FDE8FD /* Sources */,
				10622DD4155896E000FDE8FD /* Frameworks */,
				10622DD5155896E000FDE8FD /* Resources */,
			);
			buildRules = (
			);
			dependencies = (
			);
			name = Storeys;
			productName = Storeys;
			productReference = 10622DD7155896E000FDE8FD /* Storeys.app */;
			productType = "com.apple.product-type.application";
		};
		10622DF7155896E100FDE8FD /* StoreysTests */ = {
			isa = PBXNativeTarget;
			buildConfigurationList = 10622E0D155896E100FDE8FD /* Build configuration list for PBXNativeTarget "StoreysTests" */;
			buildPhases = (
				10622DF3155896E100FDE8FD /* Sources */,
				10622DF4155896E100FDE8FD /* Frameworks */,
				10622DF5155896E100FDE8FD /* Resources */,
				10622DF6155896E100FDE8FD /* ShellScript */,
			);
			buildRules = (
			);
			dependencies = (
				10622DFE155896E100FDE8FD /* PBXTargetDependency */,
			);
			name = StoreysTests;
			productName = StoreysTests;
			productReference = 10622DF8155896E100FDE8FD /* StoreysTests.octest */;
			productType = "com.apple.product-type.bundle";
		};
/* End PBXNativeTarget section */

/* Begin PBXProject section */
		10622DCE155896DF00FDE8FD /* Project object */ = {
			isa = PBXProject;
			attributes = {
				CLASSPREFIX = ST;
				LastUpgradeCheck = 0430;
				ORGANIZATIONNAME = "Cornell University";
			};
			buildConfigurationList = 10622DD1155896DF00FDE8FD /* Build configuration list for PBXProject "Storeys" */;
			compatibilityVersion = "Xcode 3.2";
			developmentRegion = English;
			hasScannedForEncodings = 0;
			knownRegions = (
				en,
			);
			mainGroup = 10622DCC155896DF00FDE8FD;
			productRefGroup = 10622DD8155896E000FDE8FD /* Products */;
			projectDirPath = "";
			projectRoot = "";
			targets = (
				10622DD6155896E000FDE8FD /* Storeys */,
				10622DF7155896E100FDE8FD /* StoreysTests */,
			);
		};
/* End PBXProject section */

/* Begin PBXResourcesBuildPhase section */
		10622DD5155896E000FDE8FD /* Resources */ = {
			isa = PBXResourcesBuildPhase;
			buildActionMask = 2147483647;
			files = (
				10622DE6155896E000FDE8FD /* InfoPlist.strings in Resources */,
				10622DEF155896E000FDE8FD /* MainStoryboard.storyboard in Resources */,
			);
			runOnlyForDeploymentPostprocessing = 0;
		};
		10622DF5155896E100FDE8FD /* Resources */ = {
			isa = PBXResourcesBuildPhase;
			buildActionMask = 2147483647;
			files = (
				10622E04155896E100FDE8FD /* InfoPlist.strings in Resources */,
			);
			runOnlyForDeploymentPostprocessing = 0;
		};
/* End PBXResourcesBuildPhase section */

/* Begin PBXShellScriptBuildPhase section */
		10622DF6155896E100FDE8FD /* ShellScript */ = {
			isa = PBXShellScriptBuildPhase;
			buildActionMask = 2147483647;
			files = (
			);
			inputPaths = (
			);
			outputPaths = (
			);
			runOnlyForDeploymentPostprocessing = 0;
			shellPath = /bin/sh;
			shellScript = "# Run the unit tests in this test bundle.\n\"${SYSTEM_DEVELOPER_DIR}/Tools/RunUnitTests\"\n";
		};
/* End PBXShellScriptBuildPhase section */

/* Begin PBXSourcesBuildPhase section */
		10622DD3155896E000FDE8FD /* Sources */ = {
			isa = PBXSourcesBuildPhase;
			buildActionMask = 2147483647;
			files = (
				10622DE8155896E000FDE8FD /* main.m in Sources */,
				10622DEC155896E000FDE8FD /* STAppDelegate.m in Sources */,
				10622DF2155896E000FDE8FD /* STViewController.m in Sources */,
			);
			runOnlyForDeploymentPostprocessing = 0;
		};
		10622DF3155896E100FDE8FD /* Sources */ = {
			isa = PBXSourcesBuildPhase;
			buildActionMask = 2147483647;
			files = (
				10622E07155896E100FDE8FD /* StoreysTests.m in Sources */,
			);
			runOnlyForDeploymentPostprocessing = 0;
		};
/* End PBXSourcesBuildPhase section */

/* Begin PBXTargetDependency section */
		10622DFE155896E100FDE8FD /* PBXTargetDependency */ = {
			isa = PBXTargetDependency;
			target = 10622DD6155896E000FDE8FD /* Storeys */;
			targetProxy = 10622DFD155896E100FDE8FD /* PBXContainerItemProxy */;
		};
/* End PBXTargetDependency section */

/* Begin PBXVariantGroup section */
		10622DE4155896E000FDE8FD /* InfoPlist.strings */ = {
			isa = PBXVariantGroup;
			children = (
				10622DE5155896E000FDE8FD /* en */,
			);
			name = InfoPlist.strings;
			sourceTree = "<group>";
		};
		10622DED155896E000FDE8FD /* MainStoryboard.storyboard */ = {
			isa = PBXVariantGroup;
			children = (
				10622DEE155896E000FDE8FD /* en */,
			);
			name = MainStoryboard.storyboard;
			sourceTree = "<group>";
		};
		10622E02155896E100FDE8FD /* InfoPlist.strings */ = {
			isa = PBXVariantGroup;
			children = (
				10622E03155896E100FDE8FD /* en */,
			);
			name = InfoPlist.strings;
			sourceTree = "<group>";
		};
/* End PBXVariantGroup section */

/* Begin XCBuildConfiguration section */
		10622E08155896E100FDE8FD /* Debug */ = {
			isa = XCBuildConfiguration;
			buildSettings = {
				ALWAYS_SEARCH_USER_PATHS = NO;
				ARCHS = "$(ARCHS_STANDARD_32_BIT)";
				CLANG_ENABLE_OBJC_ARC = YES;
				"CODE_SIGN_IDENTITY[sdk=iphoneos*]" = "iPhone Developer";
				COPY_PHASE_STRIP = NO;
				GCC_C_LANGUAGE_STANDARD = gnu99;
				GCC_DYNAMIC_NO_PIC = NO;
				GCC_OPTIMIZATION_LEVEL = 0;
				GCC_PREPROCESSOR_DEFINITIONS = (
					"DEBUG=1",
					"$(inherited)",
				);
				GCC_SYMBOLS_PRIVATE_EXTERN = NO;
				GCC_VERSION = com.apple.compilers.llvm.clang.1_0;
				GCC_WARN_ABOUT_RETURN_TYPE = YES;
				GCC_WARN_UNINITIALIZED_AUTOS = YES;
				GCC_WARN_UNUSED_VARIABLE = YES;
				IPHONEOS_DEPLOYMENT_TARGET = 5.1;
				SDKROOT = iphoneos;
			};
			name = Debug;
		};
		10622E09155896E100FDE8FD /* Release */ = {
			isa = XCBuildConfiguration;
			buildSettings = {
				ALWAYS_SEARCH_USER_PATHS = NO;
				ARCHS = "$(ARCHS_STANDARD_32_BIT)";
				CLANG_ENABLE_OBJC_ARC = YES;
				"CODE_SIGN_IDENTITY[sdk=iphoneos*]" = "iPhone Developer";
				COPY_PHASE_STRIP = YES;
				GCC_C_LANGUAGE_STANDARD = gnu99;
				GCC_VERSION = com.apple.compilers.llvm.clang.1_0;
				GCC_WARN_ABOUT_RETURN_TYPE = YES;
				GCC_WARN_UNINITIALIZED_AUTOS = YES;
				GCC_WARN_UNUSED_VARIABLE = YES;
				IPHONEOS_DEPLOYMENT_TARGET = 5.1;
				OTHER_CFLAGS = "-DNS_BLOCK_ASSERTIONS=1";
				SDKROOT = iphoneos;
				VALIDATE_PRODUCT = YES;
			};
			name = Release;
		};
		10622E0B155896E100FDE8FD /* Debug */ = {
			isa = XCBuildConfiguration;
			buildSettings = {
				GCC_PRECOMPILE_PREFIX_HEADER = YES;
				GCC_PREFIX_HEADER = "Storeys/Storeys-Prefix.pch";
				INFOPLIST_FILE = "Storeys/Storeys-Info.plist";
				PRODUCT_NAME = "$(TARGET_NAME)";
				WRAPPER_EXTENSION = app;
			};
			name = Debug;
		};
		10622E0C155896E100FDE8FD /* Release */ = {
			isa = XCBuildConfiguration;
			buildSettings = {
				GCC_PRECOMPILE_PREFIX_HEADER = YES;
				GCC_PREFIX_HEADER = "Storeys/Storeys-Prefix.pch";
				INFOPLIST_FILE = "Storeys/Storeys-Info.plist";
				PRODUCT_NAME = "$(TARGET_NAME)";
				WRAPPER_EXTENSION = app;
			};
			name = Release;
		};
		10622E0E155896E100FDE8FD /* Debug */ = {
			isa = XCBuildConfiguration;
			buildSettings = {
				BUNDLE_LOADER = "$(BUILT_PRODUCTS_DIR)/Storeys.app/Storeys";
				FRAMEWORK_SEARCH_PATHS = (
					"$(SDKROOT)/Developer/Library/Frameworks",
					"$(DEVELOPER_LIBRARY_DIR)/Frameworks",
				);
				GCC_PRECOMPILE_PREFIX_HEADER = YES;
				GCC_PREFIX_HEADER = "Storeys/Storeys-Prefix.pch";
				INFOPLIST_FILE = "StoreysTests/StoreysTests-Info.plist";
				PRODUCT_NAME = "$(TARGET_NAME)";
				TEST_HOST = "$(BUNDLE_LOADER)";
				WRAPPER_EXTENSION = octest;
			};
			name = Debug;
		};
		10622E0F155896E100FDE8FD /* Release */ = {
			isa = XCBuildConfiguration;
			buildSettings = {
				BUNDLE_LOADER = "$(BUILT_PRODUCTS_DIR)/Storeys.app/Storeys";
				FRAMEWORK_SEARCH_PATHS = (
					"$(SDKROOT)/Developer/Library/Frameworks",
					"$(DEVELOPER_LIBRARY_DIR)/Frameworks",
				);
				GCC_PRECOMPILE_PREFIX_HEADER = YES;
				GCC_PREFIX_HEADER = "Storeys/Storeys-Prefix.pch";
				INFOPLIST_FILE = "StoreysTests/StoreysTests-Info.plist";
				PRODUCT_NAME = "$(TARGET_NAME)";
				TEST_HOST = "$(BUNDLE_LOADER)";
				WRAPPER_EXTENSION = octest;
			};
			name = Release;
		};
/* End XCBuildConfiguration section */

/* Begin XCConfigurationList section */
		10622DD1155896DF00FDE8FD /* Build configuration list for PBXProject "Storeys" */ = {
			isa = XCConfigurationList;
			buildConfigurations = (
				10622E08155896E100FDE8FD /* Debug */,
				10622E09155896E100FDE8FD /* Release */,
			);
			defaultConfigurationIsVisible = 0;
			defaultConfigurationName = Release;
		};
		10622E0A155896E100FDE8FD /* Build configuration list for PBXNativeTarget "Storeys" */ = {
			isa = XCConfigurationList;
			buildConfigurations = (
				10622E0B155896E100FDE8FD /* Debug */,
				10622E0C155896E100FDE8FD /* Release */,
			);
			defaultConfigurationIsVisible = 0;
		};
		10622E0D155896E100FDE8FD /* Build configuration list for PBXNativeTarget "StoreysTests" */ = {
			isa = XCConfigurationList;
			buildConfigurations = (
				10622E0E155896E100FDE8FD /* Debug */,
				10622E0F155896E100FDE8FD /* Release */,
			);
			defaultConfigurationIsVisible = 0;
		};
/* End XCConfigurationList section */
	};
	rootObject = 10622DCE155896DF00FDE8FD /* Project object */;
}
